
Microsoft Visual Studio Solution File, Format Version 12.00
# Visual Studio Version 16
VisualStudioVersion = 16.0.808.9
MinimumVisualStudioVersion = 10.0.40219.1
Project("{FAE04EC0-301F-11D3-BF4B-00C04F79EFBC}") = "finchRobot2", "finchRobot2\finchRobot2.csproj", "{CEB16C06-DD61-4DA8-AC44-5F576E87F483}"
EndProject
Global
	GlobalSection(SolutionConfigurationPlatforms) = preSolution
		Debug|Any CPU = Debug|Any CPU
		Release|Any CPU = Release|Any CPU
	EndGlobalSection
	GlobalSection(ProjectConfigurationPlatforms) = postSolution
		{CEB16C06-DD61-4DA8-AC44-5F576E87F483}.Debug|Any CPU.ActiveCfg = Debug|Any CPU
		{CEB16C06-DD61-4DA8-AC44-5F576E87F483}.Debug|Any CPU.Build.0 = Debug|Any CPU
		{CEB16C06-DD61-4DA8-AC44-5F576E87F483}.Release|Any CPU.ActiveCfg = Release|Any CPU
		{CEB16C06-DD61-4DA8-AC44-5F576E87F483}.Release|Any CPU.Build.0 = Release|Any CPU
	EndGlobalSection
	GlobalSection(SolutionProperties) = preSolution
		HideSolutionNode = FALSE
	EndGlobalSection
	GlobalSection(ExtensibilityGlobals) = postSolution
		SolutionGuid = {517C59EF-6AB7-44CF-904F-0DC15C794F60}
	EndGlobalSection
EndGlobal
